// !$*UTF8*$!
{
	archiveVersion = 1;
	classes = {
	};
	objectVersion = 50;
	objects = {

/* Begin PBXBuildFile section */
		D36B3DFE2533CDC600559198 /* AppDelegate.swift in Sources */ = {isa = PBXBuildFile; fileRef = D36B3DFD2533CDC600559198 /* AppDelegate.swift */; };
		D36B3E002533CDC600559198 /* ViewController.swift in Sources */ = {isa = PBXBuildFile; fileRef = D36B3DFF2533CDC600559198 /* ViewController.swift */; };
		D36B3E032533CDC600559198 /* Main.storyboard in Resources */ = {isa = PBXBuildFile; fileRef = D36B3E012533CDC600559198 /* Main.storyboard */; };
		D36B3E062533CDC600559198 /* WeatherAppBrianS.xcdatamodeld in Sources */ = {isa = PBXBuildFile; fileRef = D36B3E042533CDC600559198 /* WeatherAppBrianS.xcdatamodeld */; };
		D36B3E082533CDC900559198 /* Assets.xcassets in Resources */ = {isa = PBXBuildFile; fileRef = D36B3E072533CDC900559198 /* Assets.xcassets */; };
		D36B3E0B2533CDC900559198 /* LaunchScreen.storyboard in Resources */ = {isa = PBXBuildFile; fileRef = D36B3E092533CDC900559198 /* LaunchScreen.storyboard */; };
/* End PBXBuildFile section */

/* Begin PBXFileReference section */
		D36B3DFA2533CDC600559198 /* WeatherAppBrianS.app */ = {isa = PBXFileReference; explicitFileType = wrapper.application; includeInIndex = 0; path = WeatherAppBrianS.app; sourceTree = BUILT_PRODUCTS_DIR; };
		D36B3DFD2533CDC600559198 /* AppDelegate.swift */ = {isa = PBXFileReference; lastKnownFileType = sourcecode.swift; path = AppDelegate.swift; sourceTree = "<group>"; };
		D36B3DFF2533CDC600559198 /* ViewController.swift */ = {isa = PBXFileReference; lastKnownFileType = sourcecode.swift; path = ViewController.swift; sourceTree = "<group>"; };
		D36B3E022533CDC600559198 /* Base */ = {isa = PBXFileReference; lastKnownFileType = file.storyboard; name = Base; path = Base.lproj/Main.storyboard; sourceTree = "<group>"; };
		D36B3E052533CDC600559198 /* WeatherAppBrianS.xcdatamodel */ = {isa = PBXFileReference; lastKnownFileType = wrapper.xcdatamodel; path = WeatherAppBrianS.xcdatamodel; sourceTree = "<group>"; };
		D36B3E072533CDC900559198 /* Assets.xcassets */ = {isa = PBXFileReference; lastKnownFileType = folder.assetcatalog; path = Assets.xcassets; sourceTree = "<group>"; };
		D36B3E0A2533CDC900559198 /* Base */ = {isa = PBXFileReference; lastKnownFileType = file.storyboard; name = Base; path = Base.lproj/LaunchScreen.storyboard; sourceTree = "<group>"; };
		D36B3E0C2533CDC900559198 /* Info.plist */ = {isa = PBXFileReference; lastKnownFileType = text.plist.xml; path = Info.plist; sourceTree = "<group>"; };
/* End PBXFileReference section */

/* Begin PBXFrameworksBuildPhase section */
		D36B3DF72533CDC600559198 /* Frameworks */ = {
			isa = PBXFrameworksBuildPhase;
			buildActionMask = 2147483647;
			files = (
			);
			runOnlyForDeploymentPostprocessing = 0;
		};
/* End PBXFrameworksBuildPhase section */

/* Begin PBXGroup section */
		D36B3DF12533CDC600559198 = {
			isa = PBXGroup;
			children = (
				D36B3DFC2533CDC600559198 /* WeatherAppBrianS */,
				D36B3DFB2533CDC600559198 /* Products */,
			);
			sourceTree = "<group>";
		};
		D36B3DFB2533CDC600559198 /* Products */ = {
			isa = PBXGroup;
			children = (
				D36B3DFA2533CDC600559198 /* WeatherAppBrianS.app */,
			);
			name = Products;
			sourceTree = "<group>";
		};
		D36B3DFC2533CDC600559198 /* WeatherAppBrianS */ = {
			isa = PBXGroup;
			children = (
				D36B3DFD2533CDC600559198 /* AppDelegate.swift */,
				D36B3DFF2533CDC600559198 /* ViewController.swift */,
				D36B3E012533CDC600559198 /* Main.storyboard */,
				D36B3E072533CDC900559198 /* Assets.xcassets */,
				D36B3E092533CDC900559198 /* LaunchScreen.storyboard */,
				D36B3E0C2533CDC900559198 /* Info.plist */,
				D36B3E042533CDC600559198 /* WeatherAppBrianS.xcdatamodeld */,
			);
			path = WeatherAppBrianS;
			sourceTree = "<group>";
		};
/* End PBXGroup section */

/* Begin PBXNativeTarget section */
		D36B3DF92533CDC600559198 /* WeatherAppBrianS */ = {
			isa = PBXNativeTarget;
			buildConfigurationList = D36B3E0F2533CDC900559198 /* Build configuration list for PBXNativeTarget "WeatherAppBrianS" */;
			buildPhases = (
				D36B3DF62533CDC600559198 /* Sources */,
				D36B3DF72533CDC600559198 /* Frameworks */,
				D36B3DF82533CDC600559198 /* Resources */,
			);
			buildRules = (
			);
			dependencies = (
			);
			name = WeatherAppBrianS;
			productName = WeatherAppBrianS;
			productReference = D36B3DFA2533CDC600559198 /* WeatherAppBrianS.app */;
			productType = "com.apple.product-type.application";
		};
/* End PBXNativeTarget section */

/* Begin PBXProject section */
		D36B3DF22533CDC600559198 /* Project object */ = {
			isa = PBXProject;
			attributes = {
				LastSwiftUpdateCheck = 1140;
				LastUpgradeCheck = 1140;
				ORGANIZATIONNAME = clc.seaver;
				TargetAttributes = {
					D36B3DF92533CDC600559198 = {
						CreatedOnToolsVersion = 11.4;
					};
				};
			};
			buildConfigurationList = D36B3DF52533CDC600559198 /* Build configuration list for PBXProject "WeatherAppBrianS" */;
			compatibilityVersion = "Xcode 9.3";
			developmentRegion = en;
			hasScannedForEncodings = 0;
			knownRegions = (
				en,
				Base,
			);
			mainGroup = D36B3DF12533CDC600559198;
			productRefGroup = D36B3DFB2533CDC600559198 /* Products */;
			projectDirPath = "";
			projectRoot = "";
			targets = (
				D36B3DF92533CDC600559198 /* WeatherAppBrianS */,
			);
		};
/* End PBXProject section */

/* Begin PBXResourcesBuildPhase section */
		D36B3DF82533CDC600559198 /* Resources */ = {
			isa = PBXResourcesBuildPhase;
			buildActionMask = 2147483647;
			files = (
				D36B3E0B2533CDC900559198 /* LaunchScreen.storyboard in Resources */,
				D36B3E082533CDC900559198 /* Assets.xcassets in Resources */,
				D36B3E032533CDC600559198 /* Main.storyboard in Resources */,
			);
			runOnlyForDeploymentPostprocessing = 0;
		};
/* End PBXResourcesBuildPhase section */

/* Begin PBXSourcesBuildPhase section */
		D36B3DF62533CDC600559198 /* Sources */ = {
			isa = PBXSourcesBuildPhase;
			buildActionMask = 2147483647;
			files = (
				D36B3E002533CDC600559198 /* ViewController.swift in Sources */,
				D36B3E062533CDC600559198 /* WeatherAppBrianS.xcdatamodeld in Sources */,
				D36B3DFE2533CDC600559198 /* AppDelegate.swift in Sources */,
			);
			runOnlyForDeploymentPostprocessing = 0;
		};
/* End PBXSourcesBuildPhase section */

/* Begin PBXVariantGroup section */
		D36B3E012533CDC600559198 /* Main.storyboard */ = {
			isa = PBXVariantGroup;
			children = (
				D36B3E022533CDC600559198 /* Base */,
			);
			name = Main.storyboard;
			sourceTree = "<group>";
		};
		D36B3E092533CDC900559198 /* LaunchScreen.storyboard */ = {
			isa = PBXVariantGroup;
			children = (
				D36B3E0A2533CDC900559198 /* Base */,
			);
			name = LaunchScreen.storyboard;
			sourceTree = "<group>";
		};
/* End PBXVariantGroup section */

/* Begin XCBuildConfiguration section */
		D36B3E0D2533CDC900559198 /* Debug */ = {
			isa = XCBuildConfiguration;
			buildSettings = {
				ALWAYS_SEARCH_USER_PATHS = NO;
				CLANG_ANALYZER_NONNULL = YES;
				CLANG_ANALYZER_NUMBER_OBJECT_CONVERSION = YES_AGGRESSIVE;
				CLANG_CXX_LANGUAGE_STANDARD = "gnu++14";
				CLANG_CXX_LIBRARY = "libc++";
				CLANG_ENABLE_MODULES = YES;
				CLANG_ENABLE_OBJC_ARC = YES;
				CLANG_ENABLE_OBJC_WEAK = YES;
				CLANG_WARN_BLOCK_CAPTURE_AUTORELEASING = YES;
				CLANG_WARN_BOOL_CONVERSION = YES;
				CLANG_WARN_COMMA = YES;
				CLANG_WARN_CONSTANT_CONVERSION = YES;
				CLANG_WARN_DEPRECATED_OBJC_IMPLEMENTATIONS = YES;
				CLANG_WARN_DIRECT_OBJC_ISA_USAGE = YES_ERROR;
				CLANG_WARN_DOCUMENTATION_COMMENTS = YES;
				CLANG_WARN_EMPTY_BODY = YES;
				CLANG_WARN_ENUM_CONVERSION = YES;
				CLANG_WARN_INFINITE_RECURSION = YES;
				CLANG_WARN_INT_CONVERSION = YES;
				CLANG_WARN_NON_LITERAL_NULL_CONVERSION = YES;
				CLANG_WARN_OBJC_IMPLICIT_RETAIN_SELF = YES;
				CLANG_WARN_OBJC_LITERAL_CONVERSION = YES;
				CLANG_WARN_OBJC_ROOT_CLASS = YES_ERROR;
				CLANG_WARN_RANGE_LOOP_ANALYSIS = YES;
				CLANG_WARN_STRICT_PROTOTYPES = YES;
				CLANG_WARN_SUSPICIOUS_MOVE = YES;
				CLANG_WARN_UNGUARDED_AVAILABILITY = YES_AGGRESSIVE;
				CLANG_WARN_UNREACHABLE_CODE = YES;
				CLANG_WARN__DUPLICATE_METHOD_MATCH = YES;
				COPY_PHASE_STRIP = NO;
				DEBUG_INFORMATION_FORMAT = dwarf;
				ENABLE_STRICT_OBJC_MSGSEND = YES;
				ENABLE_TESTABILITY = YES;
				GCC_C_LANGUAGE_STANDARD = gnu11;
				GCC_DYNAMIC_NO_PIC = NO;
				GCC_NO_COMMON_BLOCKS = YES;
				GCC_OPTIMIZATION_LEVEL = 0;
				GCC_PREPROCESSOR_DEFINITIONS = (
					"DEBUG=1",
					"$(inherited)",
				);
				GCC_WARN_64_TO_32_BIT_CONVERSION = YES;
				GCC_WARN_ABOUT_RETURN_TYPE = YES_ERROR;
				GCC_WARN_UNDECLARED_SELECTOR = YES;
				GCC_WARN_UNINITIALIZED_AUTOS = YES_AGGRESSIVE;
				GCC_WARN_UNUSED_FUNCTION = YES;
				GCC_WARN_UNUSED_VARIABLE = YES;
				MTL_ENABLE_DEBUG_INFO = INCLUDE_SOURCE;
				MTL_FAST_MATH = YES;
				ONLY_ACTIVE_ARCH = YES;
				SDKROOT = appletvos;
				SWIFT_ACTIVE_COMPILATION_CONDITIONS = DEBUG;
				SWIFT_OPTIMIZATION_LEVEL = "-Onone";
				TVOS_DEPLOYMENT_TARGET = 13.4;
			};
			name = Debug;
		};
		D36B3E0E2533CDC900559198 /* Release */ = {
			isa = XCBuildConfiguration;
			buildSettings = {
				ALWAYS_SEARCH_USER_PATHS = NO;
				CLANG_ANALYZER_NONNULL = YES;
				CLANG_ANALYZER_NUMBER_OBJECT_CONVERSION = YES_AGGRESSIVE;
				CLANG_CXX_LANGUAGE_STANDARD = "gnu++14";
				CLANG_CXX_LIBRARY = "libc++";
				CLANG_ENABLE_MODULES = YES;
				CLANG_ENABLE_OBJC_ARC = YES;
				CLANG_ENABLE_OBJC_WEAK = YES;
				CLANG_WARN_BLOCK_CAPTURE_AUTORELEASING = YES;
				CLANG_WARN_BOOL_CONVERSION = YES;
				CLANG_WARN_COMMA = YES;
				CLANG_WARN_CONSTANT_CONVERSION = YES;
				CLANG_WARN_DEPRECATED_OBJC_IMPLEMENTATIONS = YES;
				CLANG_WARN_DIRECT_OBJC_ISA_USAGE = YES_ERROR;
				CLANG_WARN_DOCUMENTATION_COMMENTS = YES;
				CLANG_WARN_EMPTY_BODY = YES;
				CLANG_WARN_ENUM_CONVERSION = YES;
				CLANG_WARN_INFINITE_RECURSION = YES;
				CLANG_WARN_INT_CONVERSION = YES;
				CLANG_WARN_NON_LITERAL_NULL_CONVERSION = YES;
				CLANG_WARN_OBJC_IMPLICIT_RETAIN_SELF = YES;
				CLANG_WARN_OBJC_LITERAL_CONVERSION = YES;
				CLANG_WARN_OBJC_ROOT_CLASS = YES_ERROR;
				CLANG_WARN_RANGE_LOOP_ANALYSIS = YES;
				CLANG_WARN_STRICT_PROTOTYPES = YES;
				CLANG_WARN_SUSPICIOUS_MOVE = YES;
				CLANG_WARN_UNGUARDED_AVAILABILITY = YES_AGGRESSIVE;
				CLANG_WARN_UNREACHABLE_CODE = YES;
				CLANG_WARN__DUPLICATE_METHOD_MATCH = YES;
				COPY_PHASE_STRIP = NO;
				DEBUG_INFORMATION_FORMAT = "dwarf-with-dsym";
				ENABLE_NS_ASSERTIONS = NO;
				ENABLE_STRICT_OBJC_MSGSEND = YES;
				GCC_C_LANGUAGE_STANDARD = gnu11;
				GCC_NO_COMMON_BLOCKS = YES;
				GCC_WARN_64_TO_32_BIT_CONVERSION = YES;
				GCC_WARN_ABOUT_RETURN_TYPE = YES_ERROR;
				GCC_WARN_UNDECLARED_SELECTOR = YES;
				GCC_WARN_UNINITIALIZED_AUTOS = YES_AGGRESSIVE;
				GCC_WARN_UNUSED_FUNCTION = YES;
				GCC_WARN_UNUSED_VARIABLE = YES;
				MTL_ENABLE_DEBUG_INFO = NO;
				MTL_FAST_MATH = YES;
				SDKROOT = appletvos;
				SWIFT_COMPILATION_MODE = wholemodule;
				SWIFT_OPTIMIZATION_LEVEL = "-O";
				TVOS_DEPLOYMENT_TARGET = 13.4;
				VALIDATE_PRODUCT = YES;
			};
			name = Release;
		};
		D36B3E102533CDC900559198 /* Debug */ = {
			isa = XCBuildConfiguration;
			buildSettings = {
				ASSETCATALOG_COMPILER_APPICON_NAME = "App Icon & Top Shelf Image";
				CODE_SIGN_STYLE = Automatic;
				DEVELOPMENT_TEAM = S22H3YR676;
				INFOPLIST_FILE = WeatherAppBrianS/Info.plist;
				LD_RUNPATH_SEARCH_PATHS = (
					"$(inherited)",
					"@executable_path/Frameworks",
				);
				PRODUCT_BUNDLE_IDENTIFIER = clc.WeatherAppBrianS;
				PRODUCT_NAME = "$(TARGET_NAME)";
				SWIFT_VERSION = 5.0;
				TARGETED_DEVICE_FAMILY = 3;
			};
			name = Debug;
		};
		D36B3E112533CDC900559198 /* Release */ = {
			isa = XCBuildConfiguration;
			buildSettings = {
				ASSETCATALOG_COMPILER_APPICON_NAME = "App Icon & Top Shelf Image";
				CODE_SIGN_STYLE = Automatic;
				DEVELOPMENT_TEAM = S22H3YR676;
				INFOPLIST_FILE = WeatherAppBrianS/Info.plist;
				LD_RUNPATH_SEARCH_PATHS = (
					"$(inherited)",
					"@executable_path/Frameworks",
				);
				PRODUCT_BUNDLE_IDENTIFIER = clc.WeatherAppBrianS;
				PRODUCT_NAME = "$(TARGET_NAME)";
				SWIFT_VERSION = 5.0;
				TARGETED_DEVICE_FAMILY = 3;
			};
			name = Release;
		};
/* End XCBuildConfiguration section */

/* Begin XCConfigurationList section */
		D36B3DF52533CDC600559198 /* Build configuration list for PBXProject "WeatherAppBrianS" */ = {
			isa = XCConfigurationList;
			buildConfigurations = (
				D36B3E0D2533CDC900559198 /* Debug */,
				D36B3E0E2533CDC900559198 /* Release */,
			);
			defaultConfigurationIsVisible = 0;
			defaultConfigurationName = Release;
		};
		D36B3E0F2533CDC900559198 /* Build configuration list for PBXNativeTarget "WeatherAppBrianS" */ = {
			isa = XCConfigurationList;
			buildConfigurations = (
				D36B3E102533CDC900559198 /* Debug */,
				D36B3E112533CDC900559198 /* Release */,
			);
			defaultConfigurationIsVisible = 0;
			defaultConfigurationName = Release;
		};
/* End XCConfigurationList section */

/* Begin XCVersionGroup section */
		D36B3E042533CDC600559198 /* WeatherAppBrianS.xcdatamodeld */ = {
			isa = XCVersionGroup;
			children = (
				D36B3E052533CDC600559198 /* WeatherAppBrianS.xcdatamodel */,
			);
			currentVersion = D36B3E052533CDC600559198 /* WeatherAppBrianS.xcdatamodel */;
			path = WeatherAppBrianS.xcdatamodeld;
			sourceTree = "<group>";
			versionGroupType = wrapper.xcdatamodel;
		};
/* End XCVersionGroup section */
	};
	rootObject = D36B3DF22533CDC600559198 /* Project object */;
}
